
Microsoft Visual Studio Solution File, Format Version 12.00
# Visual Studio Version 17
VisualStudioVersion = 17.7.34031.279
MinimumVisualStudioVersion = 10.0.40219.1
Project("{8BC9CEB8-8B4A-11D0-8D11-00A0C91BC942}") = "laba4-14", "laba4-14.vcxproj", "{014AE6AD-5B4F-4804-A712-AC18DB3A5DDF}"
EndProject
Global
	GlobalSection(SolutionConfigurationPlatforms) = preSolution
		Debug|x64 = Debug|x64
		Debug|x86 = Debug|x86
		Release|x64 = Release|x64
		Release|x86 = Release|x86
	EndGlobalSection
	GlobalSection(ProjectConfigurationPlatforms) = postSolution
		{014AE6AD-5B4F-4804-A712-AC18DB3A5DDF}.Debug|x64.ActiveCfg = Debug|x64
		{014AE6AD-5B4F-4804-A712-AC18DB3A5DDF}.Debug|x64.Build.0 = Debug|x64
		{014AE6AD-5B4F-4804-A712-AC18DB3A5DDF}.Debug|x86.ActiveCfg = Debug|Win32
		{014AE6AD-5B4F-4804-A712-AC18DB3A5DDF}.Debug|x86.Build.0 = Debug|Win32
		{014AE6AD-5B4F-4804-A712-AC18DB3A5DDF}.Release|x64.ActiveCfg = Release|x64
		{014AE6AD-5B4F-4804-A712-AC18DB3A5DDF}.Release|x64.Build.0 = Release|x64
		{014AE6AD-5B4F-4804-A712-AC18DB3A5DDF}.Release|x86.ActiveCfg = Release|Win32
		{014AE6AD-5B4F-4804-A712-AC18DB3A5DDF}.Release|x86.Build.0 = Release|Win32
	EndGlobalSection
	GlobalSection(SolutionProperties) = preSolution
		HideSolutionNode = FALSE
	EndGlobalSection
	GlobalSection(ExtensibilityGlobals) = postSolution
		SolutionGuid = {CCE32B11-1F15-4089-BA53-77BC33EDAA93}
	EndGlobalSection
EndGlobal
